
Microsoft Visual Studio Solution File, Format Version 12.00
# Visual Studio Version 17
VisualStudioVersion = 17.10.35013.160
MinimumVisualStudioVersion = 10.0.40219.1
Project("{FAE04EC0-301F-11D3-BF4B-00C04F79EFBC}") = "InterfaceTestingDocument_Api", "InterfaceTestingDocument_Api.csproj", "{32B2A38C-ED07-4D89-AA83-988557A692D9}"
EndProject
Global
	GlobalSection(SolutionConfigurationPlatforms) = preSolution
		Debug|Any CPU = Debug|Any CPU
		Release|Any CPU = Release|Any CPU
	EndGlobalSection
	GlobalSection(ProjectConfigurationPlatforms) = postSolution
		{32B2A38C-ED07-4D89-AA83-988557A692D9}.Debug|Any CPU.ActiveCfg = Debug|Any CPU
		{32B2A38C-ED07-4D89-AA83-988557A692D9}.Debug|Any CPU.Build.0 = Debug|Any CPU
		{32B2A38C-ED07-4D89-AA83-988557A692D9}.Release|Any CPU.ActiveCfg = Release|Any CPU
		{32B2A38C-ED07-4D89-AA83-988557A692D9}.Release|Any CPU.Build.0 = Release|Any CPU
	EndGlobalSection
	GlobalSection(SolutionProperties) = preSolution
		HideSolutionNode = FALSE
	EndGlobalSection
	GlobalSection(ExtensibilityGlobals) = postSolution
		SolutionGuid = {737ACB19-5D75-4C4B-BD9B-593C98D95E6B}
	EndGlobalSection
EndGlobal
